
Microsoft Visual Studio Solution File, Format Version 12.00
Project("{FAE04EC0-301F-11D3-BF4B-00C04F79EFBC}") = "LibraryManagementSystem.WebApi", "LibraryManagementSystem.WebApi\LibraryManagementSystem.WebApi.csproj", "{4A70D325-2598-492C-8903-4E87091950DE}"
EndProject
Project("{FAE04EC0-301F-11D3-BF4B-00C04F79EFBC}") = "LibraryManagementSystem.Services", "LibraryManagementSystem.Services\LibraryManagementSystem.Services.csproj", "{BC08CF97-E078-422A-83AC-7933520B26FA}"
EndProject
Project("{FAE04EC0-301F-11D3-BF4B-00C04F79EFBC}") = "LibraryManagementSystem.Services.Local", "LibraryManagementSystem.Services.Local\LibraryManagementSystem.Services.Local.csproj", "{59D65833-5C88-4CBE-B9C2-A29B688F1B52}"
EndProject
Project("{FAE04EC0-301F-11D3-BF4B-00C04F79EFBC}") = "LibraryManagementSystem.Services.EntityFramework", "LibraryManagementSystem.Services.EntityFramework\LibraryManagementSystem.Services.EntityFramework.csproj", "{F287AA0C-1EF5-4B1A-8F4C-9059A34083B8}"
EndProject
Global
	GlobalSection(SolutionConfigurationPlatforms) = preSolution
		Debug|Any CPU = Debug|Any CPU
		Release|Any CPU = Release|Any CPU
	EndGlobalSection
	GlobalSection(ProjectConfigurationPlatforms) = postSolution
		{4A70D325-2598-492C-8903-4E87091950DE}.Debug|Any CPU.ActiveCfg = Debug|Any CPU
		{4A70D325-2598-492C-8903-4E87091950DE}.Debug|Any CPU.Build.0 = Debug|Any CPU
		{4A70D325-2598-492C-8903-4E87091950DE}.Release|Any CPU.ActiveCfg = Release|Any CPU
		{4A70D325-2598-492C-8903-4E87091950DE}.Release|Any CPU.Build.0 = Release|Any CPU
		{BC08CF97-E078-422A-83AC-7933520B26FA}.Debug|Any CPU.ActiveCfg = Debug|Any CPU
		{BC08CF97-E078-422A-83AC-7933520B26FA}.Debug|Any CPU.Build.0 = Debug|Any CPU
		{BC08CF97-E078-422A-83AC-7933520B26FA}.Release|Any CPU.ActiveCfg = Release|Any CPU
		{BC08CF97-E078-422A-83AC-7933520B26FA}.Release|Any CPU.Build.0 = Release|Any CPU
		{59D65833-5C88-4CBE-B9C2-A29B688F1B52}.Debug|Any CPU.ActiveCfg = Debug|Any CPU
		{59D65833-5C88-4CBE-B9C2-A29B688F1B52}.Debug|Any CPU.Build.0 = Debug|Any CPU
		{59D65833-5C88-4CBE-B9C2-A29B688F1B52}.Release|Any CPU.ActiveCfg = Release|Any CPU
		{59D65833-5C88-4CBE-B9C2-A29B688F1B52}.Release|Any CPU.Build.0 = Release|Any CPU
		{F287AA0C-1EF5-4B1A-8F4C-9059A34083B8}.Debug|Any CPU.ActiveCfg = Debug|Any CPU
		{F287AA0C-1EF5-4B1A-8F4C-9059A34083B8}.Debug|Any CPU.Build.0 = Debug|Any CPU
		{F287AA0C-1EF5-4B1A-8F4C-9059A34083B8}.Release|Any CPU.ActiveCfg = Release|Any CPU
		{F287AA0C-1EF5-4B1A-8F4C-9059A34083B8}.Release|Any CPU.Build.0 = Release|Any CPU
	EndGlobalSection
EndGlobal
